
Microsoft Visual Studio Solution File, Format Version 12.00
# Visual Studio 15
VisualStudioVersion = 15.0.26730.16
MinimumVisualStudioVersion = 10.0.40219.1
Project("{FAE04EC0-301F-11D3-BF4B-00C04F79EFBC}") = "W1-CheezeBot-Refactor", "Week 1\CheezeBotRefactor\W1-CheezeBot-Refactor.csproj", "{344CCAFF-65F2-4F09-860B-AC895F9B2D52}"
EndProject
Project("{FAE04EC0-301F-11D3-BF4B-00C04F79EFBC}") = "DamageApp", "Week2\Oefenopgaves\DamageApp\DamageApp.csproj", "{BDCA6FBB-3812-4D22-A48F-9559CCA31630}"
EndProject
Project("{FAE04EC0-301F-11D3-BF4B-00C04F79EFBC}") = "FiniteStateMachine", "FiniteStateMachine\FiniteStateMachine.csproj", "{9478A8C5-5ADB-4F3F-B75D-B46B4A829CA5}"
EndProject
Project("{FAE04EC0-301F-11D3-BF4B-00C04F79EFBC}") = "Les4Werk", "Les4Werk\Les4Werk.csproj", "{2D0BFF85-D2A5-48CA-974E-40663FCDE3E3}"
EndProject
Project("{2150E333-8FDC-42A3-9474-1A3956D46DE8}") = "Rocketeer Man", "Rocketeer Man", "{E666CA73-64FB-4038-923B-26CADBDFDD65}"
EndProject
Global
	GlobalSection(SolutionConfigurationPlatforms) = preSolution
		Debug|Any CPU = Debug|Any CPU
		Release|Any CPU = Release|Any CPU
	EndGlobalSection
	GlobalSection(ProjectConfigurationPlatforms) = postSolution
		{344CCAFF-65F2-4F09-860B-AC895F9B2D52}.Debug|Any CPU.ActiveCfg = Debug|Any CPU
		{344CCAFF-65F2-4F09-860B-AC895F9B2D52}.Debug|Any CPU.Build.0 = Debug|Any CPU
		{344CCAFF-65F2-4F09-860B-AC895F9B2D52}.Release|Any CPU.ActiveCfg = Release|Any CPU
		{344CCAFF-65F2-4F09-860B-AC895F9B2D52}.Release|Any CPU.Build.0 = Release|Any CPU
		{BDCA6FBB-3812-4D22-A48F-9559CCA31630}.Debug|Any CPU.ActiveCfg = Debug|Any CPU
		{BDCA6FBB-3812-4D22-A48F-9559CCA31630}.Debug|Any CPU.Build.0 = Debug|Any CPU
		{BDCA6FBB-3812-4D22-A48F-9559CCA31630}.Release|Any CPU.ActiveCfg = Release|Any CPU
		{BDCA6FBB-3812-4D22-A48F-9559CCA31630}.Release|Any CPU.Build.0 = Release|Any CPU
		{9478A8C5-5ADB-4F3F-B75D-B46B4A829CA5}.Debug|Any CPU.ActiveCfg = Debug|Any CPU
		{9478A8C5-5ADB-4F3F-B75D-B46B4A829CA5}.Debug|Any CPU.Build.0 = Debug|Any CPU
		{9478A8C5-5ADB-4F3F-B75D-B46B4A829CA5}.Release|Any CPU.ActiveCfg = Release|Any CPU
		{9478A8C5-5ADB-4F3F-B75D-B46B4A829CA5}.Release|Any CPU.Build.0 = Release|Any CPU
		{2D0BFF85-D2A5-48CA-974E-40663FCDE3E3}.Debug|Any CPU.ActiveCfg = Debug|Any CPU
		{2D0BFF85-D2A5-48CA-974E-40663FCDE3E3}.Debug|Any CPU.Build.0 = Debug|Any CPU
		{2D0BFF85-D2A5-48CA-974E-40663FCDE3E3}.Release|Any CPU.ActiveCfg = Release|Any CPU
		{2D0BFF85-D2A5-48CA-974E-40663FCDE3E3}.Release|Any CPU.Build.0 = Release|Any CPU
	EndGlobalSection
	GlobalSection(SolutionProperties) = preSolution
		HideSolutionNode = FALSE
	EndGlobalSection
	GlobalSection(ExtensibilityGlobals) = postSolution
		SolutionGuid = {E42F02B5-87C1-4996-B793-C7E42D4832D4}
	EndGlobalSection
EndGlobal
